
Microsoft Visual Studio Solution File, Format Version 12.00
# Visual Studio Version 16
VisualStudioVersion = 16.0.29806.167
MinimumVisualStudioVersion = 10.0.40219.1
Project("{FAE04EC0-301F-11D3-BF4B-00C04F79EFBC}") = "Nexum.Core", "Nexum.Core\Nexum.Core.csproj", "{03C32136-28E9-487A-9A14-2CF8C2D549EB}"
EndProject
Project("{FAE04EC0-301F-11D3-BF4B-00C04F79EFBC}") = "Nexum.Client", "Nexum.Client\Nexum.Client.csproj", "{65BF19DF-0FD7-42D2-8DAE-5D2E00363750}"
EndProject
Project("{FAE04EC0-301F-11D3-BF4B-00C04F79EFBC}") = "Nexum.Server", "Nexum.Server\Nexum.Server.csproj", "{BC2EF684-C600-4DEF-B36B-ABBEBF56E5FD}"
EndProject
Project("{FAE04EC0-301F-11D3-BF4B-00C04F79EFBC}") = "BaseLib", "BaseLib\BaseLib.csproj", "{9349D58D-A8FA-4BD1-8296-7AD76DFFCA50}"
EndProject
Project("{FAE04EC0-301F-11D3-BF4B-00C04F79EFBC}") = "Example.Client", "Example.Client\Example.Client.csproj", "{2BB6FF0A-3DB2-46D7-A423-C76A1110DAFC}"
EndProject
Project("{FAE04EC0-301F-11D3-BF4B-00C04F79EFBC}") = "Example.Server", "Example.Server\Example.Server.csproj", "{CF3806F1-90F3-4383-B3A8-DBAD62718F38}"
EndProject
Project("{FAE04EC0-301F-11D3-BF4B-00C04F79EFBC}") = "Nexum.Tests", "Nexum.Tests\Nexum.Tests.csproj", "{E4A5B8D3-7F2E-4C9A-8B6E-1D4F3A2E5C7B}"
EndProject
Project("{FAE04EC0-301F-11D3-BF4B-00C04F79EFBC}") = "Nexum.E2E.Server", "Nexum.E2E.Server\Nexum.E2E.Server.csproj", "{A1B2C3D4-E5F6-7890-ABCD-EF1234567890}"
EndProject
Project("{FAE04EC0-301F-11D3-BF4B-00C04F79EFBC}") = "Nexum.E2E.Client", "Nexum.E2E.Client\Nexum.E2E.Client.csproj", "{B2C3D4E5-F678-9012-BCDE-F12345678901}"
EndProject
Project("{FAE04EC0-301F-11D3-BF4B-00C04F79EFBC}") = "Nexum.Tests.E2E", "Nexum.Tests.E2E\Nexum.Tests.E2E.csproj", "{C3D4E5F6-7890-1234-CDEF-123456789012}"
EndProject
Project("{FAE04EC0-301F-11D3-BF4B-00C04F79EFBC}") = "Nexum.E2E.Common", "Nexum.E2E.Common\Nexum.E2E.Common.csproj", "{D4E5F678-9012-3456-DEFA-234567890123}"
EndProject
Project("{FAE04EC0-301F-11D3-BF4B-00C04F79EFBC}") = "Nexum.SourceGen", "Nexum.SourceGen\Nexum.SourceGen.csproj", "{75860BBC-81BF-4CAD-956B-5C86C37EC91F}"
EndProject
Global
	GlobalSection(SolutionConfigurationPlatforms) = preSolution
		Debug|Any CPU = Debug|Any CPU
		Debug|x64 = Debug|x64
		Debug|x86 = Debug|x86
		Release|Any CPU = Release|Any CPU
		Release|x64 = Release|x64
		Release|x86 = Release|x86
	EndGlobalSection
	GlobalSection(ProjectConfigurationPlatforms) = postSolution
		{03C32136-28E9-487A-9A14-2CF8C2D549EB}.Debug|Any CPU.ActiveCfg = Debug|Any CPU
		{03C32136-28E9-487A-9A14-2CF8C2D549EB}.Debug|Any CPU.Build.0 = Debug|Any CPU
		{03C32136-28E9-487A-9A14-2CF8C2D549EB}.Debug|x64.ActiveCfg = Debug|Any CPU
		{03C32136-28E9-487A-9A14-2CF8C2D549EB}.Debug|x64.Build.0 = Debug|Any CPU
		{03C32136-28E9-487A-9A14-2CF8C2D549EB}.Debug|x86.ActiveCfg = Debug|Any CPU
		{03C32136-28E9-487A-9A14-2CF8C2D549EB}.Debug|x86.Build.0 = Debug|Any CPU
		{03C32136-28E9-487A-9A14-2CF8C2D549EB}.Release|Any CPU.ActiveCfg = Release|Any CPU
		{03C32136-28E9-487A-9A14-2CF8C2D549EB}.Release|Any CPU.Build.0 = Release|Any CPU
		{03C32136-28E9-487A-9A14-2CF8C2D549EB}.Release|x64.ActiveCfg = Release|Any CPU
		{03C32136-28E9-487A-9A14-2CF8C2D549EB}.Release|x64.Build.0 = Release|Any CPU
		{03C32136-28E9-487A-9A14-2CF8C2D549EB}.Release|x86.ActiveCfg = Release|Any CPU
		{03C32136-28E9-487A-9A14-2CF8C2D549EB}.Release|x86.Build.0 = Release|Any CPU
		{65BF19DF-0FD7-42D2-8DAE-5D2E00363750}.Debug|Any CPU.ActiveCfg = Debug|Any CPU
		{65BF19DF-0FD7-42D2-8DAE-5D2E00363750}.Debug|Any CPU.Build.0 = Debug|Any CPU
		{65BF19DF-0FD7-42D2-8DAE-5D2E00363750}.Debug|x64.ActiveCfg = Debug|Any CPU
		{65BF19DF-0FD7-42D2-8DAE-5D2E00363750}.Debug|x64.Build.0 = Debug|Any CPU
		{65BF19DF-0FD7-42D2-8DAE-5D2E00363750}.Debug|x86.ActiveCfg = Debug|Any CPU
		{65BF19DF-0FD7-42D2-8DAE-5D2E00363750}.Debug|x86.Build.0 = Debug|Any CPU
		{65BF19DF-0FD7-42D2-8DAE-5D2E00363750}.Release|Any CPU.ActiveCfg = Release|Any CPU
		{65BF19DF-0FD7-42D2-8DAE-5D2E00363750}.Release|Any CPU.Build.0 = Release|Any CPU
		{65BF19DF-0FD7-42D2-8DAE-5D2E00363750}.Release|x64.ActiveCfg = Release|Any CPU
		{65BF19DF-0FD7-42D2-8DAE-5D2E00363750}.Release|x64.Build.0 = Release|Any CPU
		{65BF19DF-0FD7-42D2-8DAE-5D2E00363750}.Release|x86.ActiveCfg = Release|Any CPU
		{65BF19DF-0FD7-42D2-8DAE-5D2E00363750}.Release|x86.Build.0 = Release|Any CPU
		{BC2EF684-C600-4DEF-B36B-ABBEBF56E5FD}.Debug|Any CPU.ActiveCfg = Debug|Any CPU
		{BC2EF684-C600-4DEF-B36B-ABBEBF56E5FD}.Debug|Any CPU.Build.0 = Debug|Any CPU
		{BC2EF684-C600-4DEF-B36B-ABBEBF56E5FD}.Debug|x64.ActiveCfg = Debug|Any CPU
		{BC2EF684-C600-4DEF-B36B-ABBEBF56E5FD}.Debug|x64.Build.0 = Debug|Any CPU
		{BC2EF684-C600-4DEF-B36B-ABBEBF56E5FD}.Debug|x86.ActiveCfg = Debug|Any CPU
		{BC2EF684-C600-4DEF-B36B-ABBEBF56E5FD}.Debug|x86.Build.0 = Debug|Any CPU
		{BC2EF684-C600-4DEF-B36B-ABBEBF56E5FD}.Release|Any CPU.ActiveCfg = Release|Any CPU
		{BC2EF684-C600-4DEF-B36B-ABBEBF56E5FD}.Release|Any CPU.Build.0 = Release|Any CPU
		{BC2EF684-C600-4DEF-B36B-ABBEBF56E5FD}.Release|x64.ActiveCfg = Release|Any CPU
		{BC2EF684-C600-4DEF-B36B-ABBEBF56E5FD}.Release|x64.Build.0 = Release|Any CPU
		{BC2EF684-C600-4DEF-B36B-ABBEBF56E5FD}.Release|x86.ActiveCfg = Release|Any CPU
		{BC2EF684-C600-4DEF-B36B-ABBEBF56E5FD}.Release|x86.Build.0 = Release|Any CPU
		{9349D58D-A8FA-4BD1-8296-7AD76DFFCA50}.Debug|Any CPU.ActiveCfg = Debug|Any CPU
		{9349D58D-A8FA-4BD1-8296-7AD76DFFCA50}.Debug|Any CPU.Build.0 = Debug|Any CPU
		{9349D58D-A8FA-4BD1-8296-7AD76DFFCA50}.Debug|x64.ActiveCfg = Debug|Any CPU
		{9349D58D-A8FA-4BD1-8296-7AD76DFFCA50}.Debug|x64.Build.0 = Debug|Any CPU
		{9349D58D-A8FA-4BD1-8296-7AD76DFFCA50}.Debug|x86.ActiveCfg = Debug|Any CPU
		{9349D58D-A8FA-4BD1-8296-7AD76DFFCA50}.Debug|x86.Build.0 = Debug|Any CPU
		{9349D58D-A8FA-4BD1-8296-7AD76DFFCA50}.Release|Any CPU.ActiveCfg = Release|Any CPU
		{9349D58D-A8FA-4BD1-8296-7AD76DFFCA50}.Release|Any CPU.Build.0 = Release|Any CPU
		{9349D58D-A8FA-4BD1-8296-7AD76DFFCA50}.Release|x64.ActiveCfg = Release|Any CPU
		{9349D58D-A8FA-4BD1-8296-7AD76DFFCA50}.Release|x64.Build.0 = Release|Any CPU
		{9349D58D-A8FA-4BD1-8296-7AD76DFFCA50}.Release|x86.ActiveCfg = Release|Any CPU
		{9349D58D-A8FA-4BD1-8296-7AD76DFFCA50}.Release|x86.Build.0 = Release|Any CPU
		{2BB6FF0A-3DB2-46D7-A423-C76A1110DAFC}.Debug|Any CPU.ActiveCfg = Debug|Any CPU
		{2BB6FF0A-3DB2-46D7-A423-C76A1110DAFC}.Debug|Any CPU.Build.0 = Debug|Any CPU
		{2BB6FF0A-3DB2-46D7-A423-C76A1110DAFC}.Debug|x64.ActiveCfg = Debug|Any CPU
		{2BB6FF0A-3DB2-46D7-A423-C76A1110DAFC}.Debug|x64.Build.0 = Debug|Any CPU
		{2BB6FF0A-3DB2-46D7-A423-C76A1110DAFC}.Debug|x86.ActiveCfg = Debug|Any CPU
		{2BB6FF0A-3DB2-46D7-A423-C76A1110DAFC}.Debug|x86.Build.0 = Debug|Any CPU
		{2BB6FF0A-3DB2-46D7-A423-C76A1110DAFC}.Release|Any CPU.ActiveCfg = Release|Any CPU
		{2BB6FF0A-3DB2-46D7-A423-C76A1110DAFC}.Release|Any CPU.Build.0 = Release|Any CPU
		{2BB6FF0A-3DB2-46D7-A423-C76A1110DAFC}.Release|x64.ActiveCfg = Release|Any CPU
		{2BB6FF0A-3DB2-46D7-A423-C76A1110DAFC}.Release|x64.Build.0 = Release|Any CPU
		{2BB6FF0A-3DB2-46D7-A423-C76A1110DAFC}.Release|x86.ActiveCfg = Release|Any CPU
		{2BB6FF0A-3DB2-46D7-A423-C76A1110DAFC}.Release|x86.Build.0 = Release|Any CPU
		{CF3806F1-90F3-4383-B3A8-DBAD62718F38}.Debug|Any CPU.ActiveCfg = Debug|Any CPU
		{CF3806F1-90F3-4383-B3A8-DBAD62718F38}.Debug|Any CPU.Build.0 = Debug|Any CPU
		{CF3806F1-90F3-4383-B3A8-DBAD62718F38}.Debug|x64.ActiveCfg = Debug|Any CPU
		{CF3806F1-90F3-4383-B3A8-DBAD62718F38}.Debug|x64.Build.0 = Debug|Any CPU
		{CF3806F1-90F3-4383-B3A8-DBAD62718F38}.Debug|x86.ActiveCfg = Debug|Any CPU
		{CF3806F1-90F3-4383-B3A8-DBAD62718F38}.Debug|x86.Build.0 = Debug|Any CPU
		{CF3806F1-90F3-4383-B3A8-DBAD62718F38}.Release|Any CPU.ActiveCfg = Release|Any CPU
		{CF3806F1-90F3-4383-B3A8-DBAD62718F38}.Release|Any CPU.Build.0 = Release|Any CPU
		{CF3806F1-90F3-4383-B3A8-DBAD62718F38}.Release|x64.ActiveCfg = Release|Any CPU
		{CF3806F1-90F3-4383-B3A8-DBAD62718F38}.Release|x64.Build.0 = Release|Any CPU
		{CF3806F1-90F3-4383-B3A8-DBAD62718F38}.Release|x86.ActiveCfg = Release|Any CPU
		{CF3806F1-90F3-4383-B3A8-DBAD62718F38}.Release|x86.Build.0 = Release|Any CPU
		{E4A5B8D3-7F2E-4C9A-8B6E-1D4F3A2E5C7B}.Debug|Any CPU.ActiveCfg = Debug|Any CPU
		{E4A5B8D3-7F2E-4C9A-8B6E-1D4F3A2E5C7B}.Debug|Any CPU.Build.0 = Debug|Any CPU
		{E4A5B8D3-7F2E-4C9A-8B6E-1D4F3A2E5C7B}.Debug|x64.ActiveCfg = Debug|Any CPU
		{E4A5B8D3-7F2E-4C9A-8B6E-1D4F3A2E5C7B}.Debug|x64.Build.0 = Debug|Any CPU
		{E4A5B8D3-7F2E-4C9A-8B6E-1D4F3A2E5C7B}.Debug|x86.ActiveCfg = Debug|Any CPU
		{E4A5B8D3-7F2E-4C9A-8B6E-1D4F3A2E5C7B}.Debug|x86.Build.0 = Debug|Any CPU
		{E4A5B8D3-7F2E-4C9A-8B6E-1D4F3A2E5C7B}.Release|Any CPU.ActiveCfg = Release|Any CPU
		{E4A5B8D3-7F2E-4C9A-8B6E-1D4F3A2E5C7B}.Release|Any CPU.Build.0 = Release|Any CPU
		{E4A5B8D3-7F2E-4C9A-8B6E-1D4F3A2E5C7B}.Release|x64.ActiveCfg = Release|Any CPU
		{E4A5B8D3-7F2E-4C9A-8B6E-1D4F3A2E5C7B}.Release|x64.Build.0 = Release|Any CPU
		{E4A5B8D3-7F2E-4C9A-8B6E-1D4F3A2E5C7B}.Release|x86.ActiveCfg = Release|Any CPU
		{E4A5B8D3-7F2E-4C9A-8B6E-1D4F3A2E5C7B}.Release|x86.Build.0 = Release|Any CPU
		{A1B2C3D4-E5F6-7890-ABCD-EF1234567890}.Debug|Any CPU.ActiveCfg = Debug|Any CPU
		{A1B2C3D4-E5F6-7890-ABCD-EF1234567890}.Debug|Any CPU.Build.0 = Debug|Any CPU
		{A1B2C3D4-E5F6-7890-ABCD-EF1234567890}.Debug|x64.ActiveCfg = Debug|Any CPU
		{A1B2C3D4-E5F6-7890-ABCD-EF1234567890}.Debug|x64.Build.0 = Debug|Any CPU
		{A1B2C3D4-E5F6-7890-ABCD-EF1234567890}.Debug|x86.ActiveCfg = Debug|Any CPU
		{A1B2C3D4-E5F6-7890-ABCD-EF1234567890}.Debug|x86.Build.0 = Debug|Any CPU
		{A1B2C3D4-E5F6-7890-ABCD-EF1234567890}.Release|Any CPU.ActiveCfg = Release|Any CPU
		{A1B2C3D4-E5F6-7890-ABCD-EF1234567890}.Release|Any CPU.Build.0 = Release|Any CPU
		{A1B2C3D4-E5F6-7890-ABCD-EF1234567890}.Release|x64.ActiveCfg = Release|Any CPU
		{A1B2C3D4-E5F6-7890-ABCD-EF1234567890}.Release|x64.Build.0 = Release|Any CPU
		{A1B2C3D4-E5F6-7890-ABCD-EF1234567890}.Release|x86.ActiveCfg = Release|Any CPU
		{A1B2C3D4-E5F6-7890-ABCD-EF1234567890}.Release|x86.Build.0 = Release|Any CPU
		{B2C3D4E5-F678-9012-BCDE-F12345678901}.Debug|Any CPU.ActiveCfg = Debug|Any CPU
		{B2C3D4E5-F678-9012-BCDE-F12345678901}.Debug|Any CPU.Build.0 = Debug|Any CPU
		{B2C3D4E5-F678-9012-BCDE-F12345678901}.Debug|x64.ActiveCfg = Debug|Any CPU
		{B2C3D4E5-F678-9012-BCDE-F12345678901}.Debug|x64.Build.0 = Debug|Any CPU
		{B2C3D4E5-F678-9012-BCDE-F12345678901}.Debug|x86.ActiveCfg = Debug|Any CPU
		{B2C3D4E5-F678-9012-BCDE-F12345678901}.Debug|x86.Build.0 = Debug|Any CPU
		{B2C3D4E5-F678-9012-BCDE-F12345678901}.Release|Any CPU.ActiveCfg = Release|Any CPU
		{B2C3D4E5-F678-9012-BCDE-F12345678901}.Release|Any CPU.Build.0 = Release|Any CPU
		{B2C3D4E5-F678-9012-BCDE-F12345678901}.Release|x64.ActiveCfg = Release|Any CPU
		{B2C3D4E5-F678-9012-BCDE-F12345678901}.Release|x64.Build.0 = Release|Any CPU
		{B2C3D4E5-F678-9012-BCDE-F12345678901}.Release|x86.ActiveCfg = Release|Any CPU
		{B2C3D4E5-F678-9012-BCDE-F12345678901}.Release|x86.Build.0 = Release|Any CPU
		{C3D4E5F6-7890-1234-CDEF-123456789012}.Debug|Any CPU.ActiveCfg = Debug|Any CPU
		{C3D4E5F6-7890-1234-CDEF-123456789012}.Debug|Any CPU.Build.0 = Debug|Any CPU
		{C3D4E5F6-7890-1234-CDEF-123456789012}.Debug|x64.ActiveCfg = Debug|Any CPU
		{C3D4E5F6-7890-1234-CDEF-123456789012}.Debug|x64.Build.0 = Debug|Any CPU
		{C3D4E5F6-7890-1234-CDEF-123456789012}.Debug|x86.ActiveCfg = Debug|Any CPU
		{C3D4E5F6-7890-1234-CDEF-123456789012}.Debug|x86.Build.0 = Debug|Any CPU
		{C3D4E5F6-7890-1234-CDEF-123456789012}.Release|Any CPU.ActiveCfg = Release|Any CPU
		{C3D4E5F6-7890-1234-CDEF-123456789012}.Release|Any CPU.Build.0 = Release|Any CPU
		{C3D4E5F6-7890-1234-CDEF-123456789012}.Release|x64.ActiveCfg = Release|Any CPU
		{C3D4E5F6-7890-1234-CDEF-123456789012}.Release|x64.Build.0 = Release|Any CPU
		{C3D4E5F6-7890-1234-CDEF-123456789012}.Release|x86.ActiveCfg = Release|Any CPU
		{C3D4E5F6-7890-1234-CDEF-123456789012}.Release|x86.Build.0 = Release|Any CPU
		{D4E5F678-9012-3456-DEFA-234567890123}.Debug|Any CPU.ActiveCfg = Debug|Any CPU
		{D4E5F678-9012-3456-DEFA-234567890123}.Debug|Any CPU.Build.0 = Debug|Any CPU
		{D4E5F678-9012-3456-DEFA-234567890123}.Debug|x64.ActiveCfg = Debug|Any CPU
		{D4E5F678-9012-3456-DEFA-234567890123}.Debug|x64.Build.0 = Debug|Any CPU
		{D4E5F678-9012-3456-DEFA-234567890123}.Debug|x86.ActiveCfg = Debug|Any CPU
		{D4E5F678-9012-3456-DEFA-234567890123}.Debug|x86.Build.0 = Debug|Any CPU
		{D4E5F678-9012-3456-DEFA-234567890123}.Release|Any CPU.ActiveCfg = Release|Any CPU
		{D4E5F678-9012-3456-DEFA-234567890123}.Release|Any CPU.Build.0 = Release|Any CPU
		{D4E5F678-9012-3456-DEFA-234567890123}.Release|x64.ActiveCfg = Release|Any CPU
		{D4E5F678-9012-3456-DEFA-234567890123}.Release|x64.Build.0 = Release|Any CPU
		{D4E5F678-9012-3456-DEFA-234567890123}.Release|x86.ActiveCfg = Release|Any CPU
		{D4E5F678-9012-3456-DEFA-234567890123}.Release|x86.Build.0 = Release|Any CPU
		{75860BBC-81BF-4CAD-956B-5C86C37EC91F}.Debug|Any CPU.ActiveCfg = Debug|Any CPU
		{75860BBC-81BF-4CAD-956B-5C86C37EC91F}.Debug|Any CPU.Build.0 = Debug|Any CPU
		{75860BBC-81BF-4CAD-956B-5C86C37EC91F}.Debug|x64.ActiveCfg = Debug|Any CPU
		{75860BBC-81BF-4CAD-956B-5C86C37EC91F}.Debug|x64.Build.0 = Debug|Any CPU
		{75860BBC-81BF-4CAD-956B-5C86C37EC91F}.Debug|x86.ActiveCfg = Debug|Any CPU
		{75860BBC-81BF-4CAD-956B-5C86C37EC91F}.Debug|x86.Build.0 = Debug|Any CPU
		{75860BBC-81BF-4CAD-956B-5C86C37EC91F}.Release|Any CPU.ActiveCfg = Release|Any CPU
		{75860BBC-81BF-4CAD-956B-5C86C37EC91F}.Release|Any CPU.Build.0 = Release|Any CPU
		{75860BBC-81BF-4CAD-956B-5C86C37EC91F}.Release|x64.ActiveCfg = Release|Any CPU
		{75860BBC-81BF-4CAD-956B-5C86C37EC91F}.Release|x64.Build.0 = Release|Any CPU
		{75860BBC-81BF-4CAD-956B-5C86C37EC91F}.Release|x86.ActiveCfg = Release|Any CPU
		{75860BBC-81BF-4CAD-956B-5C86C37EC91F}.Release|x86.Build.0 = Release|Any CPU
	EndGlobalSection
	GlobalSection(SolutionProperties) = preSolution
		HideSolutionNode = FALSE
	EndGlobalSection
	GlobalSection(ExtensibilityGlobals) = postSolution
		SolutionGuid = {F014E4E8-8318-4F02-B67B-DE5D1486569A}
	EndGlobalSection
EndGlobal
